
Microsoft Visual Studio Solution File, Format Version 12.00
# Visual Studio Version 17
VisualStudioVersion = 17.0.31903.59
MinimumVisualStudioVersion = 10.0.40219.1
Project("{9A19103F-16F7-4668-BE54-9A1E7A4F7556}") = "01.1", "01.1\01.1.csproj", "{F2BBAC39-72B4-473F-8230-C021B5D219A9}"
EndProject
Project("{9A19103F-16F7-4668-BE54-9A1E7A4F7556}") = "01.2", "01.2\01.2.csproj", "{5CAFB3C9-0EDC-40A4-8573-649B92A99416}"
EndProject
Project("{9A19103F-16F7-4668-BE54-9A1E7A4F7556}") = "02.1", "02.1\02.1.csproj", "{B103400E-E7D0-4129-A52F-F898F1B64473}"
EndProject
Project("{9A19103F-16F7-4668-BE54-9A1E7A4F7556}") = "02.2", "02.2\02.2.csproj", "{88147EEF-A3B4-477B-8D36-4BF878BF5EE3}"
EndProject
Project("{9A19103F-16F7-4668-BE54-9A1E7A4F7556}") = "03.1", "03.1\03.1.csproj", "{1F71244A-3BB8-40D2-A8E7-76416443BD01}"
EndProject
Project("{9A19103F-16F7-4668-BE54-9A1E7A4F7556}") = "03.2", "03.2\03.2.csproj", "{02E2770F-4874-4004-A7B2-52CC8D2E164E}"
EndProject
Project("{9A19103F-16F7-4668-BE54-9A1E7A4F7556}") = "04.1", "04.1\04.1.csproj", "{233BDA90-BF54-46DD-B9F4-B153539ACC74}"
EndProject
Project("{9A19103F-16F7-4668-BE54-9A1E7A4F7556}") = "04.2", "04.2\04.2.csproj", "{99CC74C8-FC40-4541-882A-BAA146E2D03F}"
EndProject
Project("{9A19103F-16F7-4668-BE54-9A1E7A4F7556}") = "05.1", "05.1\05.1.csproj", "{6B85ED81-0517-433B-9F7A-387C12CB3280}"
EndProject
Project("{9A19103F-16F7-4668-BE54-9A1E7A4F7556}") = "05.2", "05.2\05.2.csproj", "{A18457DC-5DF4-4270-BDA9-FC52392335F8}"
EndProject
Project("{9A19103F-16F7-4668-BE54-9A1E7A4F7556}") = "06.1", "06.1\06.1.csproj", "{9F082D92-387A-4B36-BE74-621873812B62}"
EndProject
Project("{9A19103F-16F7-4668-BE54-9A1E7A4F7556}") = "06.2", "06.2\06.2.csproj", "{B3258D07-EEBB-4914-B4A2-8896E84612EB}"
EndProject
Project("{9A19103F-16F7-4668-BE54-9A1E7A4F7556}") = "07.1", "07.1\07.1.csproj", "{9EABAEDD-24F0-4541-BF3D-401E8D981818}"
EndProject
Project("{9A19103F-16F7-4668-BE54-9A1E7A4F7556}") = "07.2", "07.2\07.2.csproj", "{3A192213-2E62-4E78-B5B2-5445593300D2}"
EndProject
Project("{9A19103F-16F7-4668-BE54-9A1E7A4F7556}") = "08.1", "08.1\08.1.csproj", "{7205A42E-ECDC-4B1F-82C9-B97CFA0057B4}"
EndProject
Project("{9A19103F-16F7-4668-BE54-9A1E7A4F7556}") = "08.2", "08.2\08.2.csproj", "{7F7D7292-3213-42AE-B840-30C0C3942E0A}"
EndProject
Project("{9A19103F-16F7-4668-BE54-9A1E7A4F7556}") = "09.1", "09.1\09.1.csproj", "{36D79467-9A83-48DF-8731-03EBA57FB1EB}"
EndProject
Project("{9A19103F-16F7-4668-BE54-9A1E7A4F7556}") = "09.2", "09.2\09.2.csproj", "{893240E4-1DDC-4B40-9B8B-0AC82A49F51D}"
EndProject
Project("{9A19103F-16F7-4668-BE54-9A1E7A4F7556}") = "10.1", "10.1\10.1.csproj", "{89658231-4F79-40F3-A3AA-2EED75B4ECAC}"
EndProject
Project("{9A19103F-16F7-4668-BE54-9A1E7A4F7556}") = "10.2", "10.2\10.2.csproj", "{3EA649BE-8690-481B-B5AC-FFCE245EA150}"
EndProject
Project("{9A19103F-16F7-4668-BE54-9A1E7A4F7556}") = "11.1", "11.1\11.1.csproj", "{B4E0361F-48DD-49F4-B31A-89A749E491F7}"
EndProject
Project("{9A19103F-16F7-4668-BE54-9A1E7A4F7556}") = "11.2", "11.2\11.2.csproj", "{60B5D7DC-EB06-49A2-A052-4EECD4BAFC18}"
EndProject
Project("{9A19103F-16F7-4668-BE54-9A1E7A4F7556}") = "12.1", "12.1\12.1.csproj", "{98B40443-33A2-4CD8-8CB6-EAB246EDF579}"
EndProject
Project("{9A19103F-16F7-4668-BE54-9A1E7A4F7556}") = "12.2", "12.2\12.2.csproj", "{3D4DAEF3-2F11-4B5A-9FD5-3E1B80EF34E8}"
EndProject
Project("{9A19103F-16F7-4668-BE54-9A1E7A4F7556}") = "13.1", "13.1\13.1.csproj", "{62973848-5D60-4699-BFCF-2805180D06FA}"
EndProject
Global
	GlobalSection(SolutionConfigurationPlatforms) = preSolution
		Debug|Any CPU = Debug|Any CPU
		Release|Any CPU = Release|Any CPU
	EndGlobalSection
	GlobalSection(ProjectConfigurationPlatforms) = postSolution
		{F2BBAC39-72B4-473F-8230-C021B5D219A9}.Debug|Any CPU.ActiveCfg = Debug|Any CPU
		{F2BBAC39-72B4-473F-8230-C021B5D219A9}.Debug|Any CPU.Build.0 = Debug|Any CPU
		{F2BBAC39-72B4-473F-8230-C021B5D219A9}.Release|Any CPU.ActiveCfg = Release|Any CPU
		{F2BBAC39-72B4-473F-8230-C021B5D219A9}.Release|Any CPU.Build.0 = Release|Any CPU
		{5CAFB3C9-0EDC-40A4-8573-649B92A99416}.Debug|Any CPU.ActiveCfg = Debug|Any CPU
		{5CAFB3C9-0EDC-40A4-8573-649B92A99416}.Debug|Any CPU.Build.0 = Debug|Any CPU
		{5CAFB3C9-0EDC-40A4-8573-649B92A99416}.Release|Any CPU.ActiveCfg = Release|Any CPU
		{5CAFB3C9-0EDC-40A4-8573-649B92A99416}.Release|Any CPU.Build.0 = Release|Any CPU
		{B103400E-E7D0-4129-A52F-F898F1B64473}.Debug|Any CPU.ActiveCfg = Debug|Any CPU
		{B103400E-E7D0-4129-A52F-F898F1B64473}.Debug|Any CPU.Build.0 = Debug|Any CPU
		{B103400E-E7D0-4129-A52F-F898F1B64473}.Release|Any CPU.ActiveCfg = Release|Any CPU
		{B103400E-E7D0-4129-A52F-F898F1B64473}.Release|Any CPU.Build.0 = Release|Any CPU
		{88147EEF-A3B4-477B-8D36-4BF878BF5EE3}.Debug|Any CPU.ActiveCfg = Debug|Any CPU
		{88147EEF-A3B4-477B-8D36-4BF878BF5EE3}.Debug|Any CPU.Build.0 = Debug|Any CPU
		{88147EEF-A3B4-477B-8D36-4BF878BF5EE3}.Release|Any CPU.ActiveCfg = Release|Any CPU
		{88147EEF-A3B4-477B-8D36-4BF878BF5EE3}.Release|Any CPU.Build.0 = Release|Any CPU
		{1F71244A-3BB8-40D2-A8E7-76416443BD01}.Debug|Any CPU.ActiveCfg = Debug|Any CPU
		{1F71244A-3BB8-40D2-A8E7-76416443BD01}.Debug|Any CPU.Build.0 = Debug|Any CPU
		{1F71244A-3BB8-40D2-A8E7-76416443BD01}.Release|Any CPU.ActiveCfg = Release|Any CPU
		{1F71244A-3BB8-40D2-A8E7-76416443BD01}.Release|Any CPU.Build.0 = Release|Any CPU
		{02E2770F-4874-4004-A7B2-52CC8D2E164E}.Debug|Any CPU.ActiveCfg = Debug|Any CPU
		{02E2770F-4874-4004-A7B2-52CC8D2E164E}.Debug|Any CPU.Build.0 = Debug|Any CPU
		{02E2770F-4874-4004-A7B2-52CC8D2E164E}.Release|Any CPU.ActiveCfg = Release|Any CPU
		{02E2770F-4874-4004-A7B2-52CC8D2E164E}.Release|Any CPU.Build.0 = Release|Any CPU
		{233BDA90-BF54-46DD-B9F4-B153539ACC74}.Debug|Any CPU.ActiveCfg = Debug|Any CPU
		{233BDA90-BF54-46DD-B9F4-B153539ACC74}.Debug|Any CPU.Build.0 = Debug|Any CPU
		{233BDA90-BF54-46DD-B9F4-B153539ACC74}.Release|Any CPU.ActiveCfg = Release|Any CPU
		{233BDA90-BF54-46DD-B9F4-B153539ACC74}.Release|Any CPU.Build.0 = Release|Any CPU
		{99CC74C8-FC40-4541-882A-BAA146E2D03F}.Debug|Any CPU.ActiveCfg = Debug|Any CPU
		{99CC74C8-FC40-4541-882A-BAA146E2D03F}.Debug|Any CPU.Build.0 = Debug|Any CPU
		{99CC74C8-FC40-4541-882A-BAA146E2D03F}.Release|Any CPU.ActiveCfg = Release|Any CPU
		{99CC74C8-FC40-4541-882A-BAA146E2D03F}.Release|Any CPU.Build.0 = Release|Any CPU
		{6B85ED81-0517-433B-9F7A-387C12CB3280}.Debug|Any CPU.ActiveCfg = Debug|Any CPU
		{6B85ED81-0517-433B-9F7A-387C12CB3280}.Debug|Any CPU.Build.0 = Debug|Any CPU
		{6B85ED81-0517-433B-9F7A-387C12CB3280}.Release|Any CPU.ActiveCfg = Release|Any CPU
		{6B85ED81-0517-433B-9F7A-387C12CB3280}.Release|Any CPU.Build.0 = Release|Any CPU
		{A18457DC-5DF4-4270-BDA9-FC52392335F8}.Debug|Any CPU.ActiveCfg = Debug|Any CPU
		{A18457DC-5DF4-4270-BDA9-FC52392335F8}.Debug|Any CPU.Build.0 = Debug|Any CPU
		{A18457DC-5DF4-4270-BDA9-FC52392335F8}.Release|Any CPU.ActiveCfg = Release|Any CPU
		{A18457DC-5DF4-4270-BDA9-FC52392335F8}.Release|Any CPU.Build.0 = Release|Any CPU
		{9F082D92-387A-4B36-BE74-621873812B62}.Debug|Any CPU.ActiveCfg = Debug|Any CPU
		{9F082D92-387A-4B36-BE74-621873812B62}.Debug|Any CPU.Build.0 = Debug|Any CPU
		{9F082D92-387A-4B36-BE74-621873812B62}.Release|Any CPU.ActiveCfg = Release|Any CPU
		{9F082D92-387A-4B36-BE74-621873812B62}.Release|Any CPU.Build.0 = Release|Any CPU
		{B3258D07-EEBB-4914-B4A2-8896E84612EB}.Debug|Any CPU.ActiveCfg = Debug|Any CPU
		{B3258D07-EEBB-4914-B4A2-8896E84612EB}.Debug|Any CPU.Build.0 = Debug|Any CPU
		{B3258D07-EEBB-4914-B4A2-8896E84612EB}.Release|Any CPU.ActiveCfg = Release|Any CPU
		{B3258D07-EEBB-4914-B4A2-8896E84612EB}.Release|Any CPU.Build.0 = Release|Any CPU
		{9EABAEDD-24F0-4541-BF3D-401E8D981818}.Debug|Any CPU.ActiveCfg = Debug|Any CPU
		{9EABAEDD-24F0-4541-BF3D-401E8D981818}.Debug|Any CPU.Build.0 = Debug|Any CPU
		{9EABAEDD-24F0-4541-BF3D-401E8D981818}.Release|Any CPU.ActiveCfg = Release|Any CPU
		{9EABAEDD-24F0-4541-BF3D-401E8D981818}.Release|Any CPU.Build.0 = Release|Any CPU
		{3A192213-2E62-4E78-B5B2-5445593300D2}.Debug|Any CPU.ActiveCfg = Debug|Any CPU
		{3A192213-2E62-4E78-B5B2-5445593300D2}.Debug|Any CPU.Build.0 = Debug|Any CPU
		{3A192213-2E62-4E78-B5B2-5445593300D2}.Release|Any CPU.ActiveCfg = Release|Any CPU
		{3A192213-2E62-4E78-B5B2-5445593300D2}.Release|Any CPU.Build.0 = Release|Any CPU
		{7205A42E-ECDC-4B1F-82C9-B97CFA0057B4}.Debug|Any CPU.ActiveCfg = Debug|Any CPU
		{7205A42E-ECDC-4B1F-82C9-B97CFA0057B4}.Debug|Any CPU.Build.0 = Debug|Any CPU
		{7205A42E-ECDC-4B1F-82C9-B97CFA0057B4}.Release|Any CPU.ActiveCfg = Release|Any CPU
		{7205A42E-ECDC-4B1F-82C9-B97CFA0057B4}.Release|Any CPU.Build.0 = Release|Any CPU
		{7F7D7292-3213-42AE-B840-30C0C3942E0A}.Debug|Any CPU.ActiveCfg = Debug|Any CPU
		{7F7D7292-3213-42AE-B840-30C0C3942E0A}.Debug|Any CPU.Build.0 = Debug|Any CPU
		{7F7D7292-3213-42AE-B840-30C0C3942E0A}.Release|Any CPU.ActiveCfg = Release|Any CPU
		{7F7D7292-3213-42AE-B840-30C0C3942E0A}.Release|Any CPU.Build.0 = Release|Any CPU
		{36D79467-9A83-48DF-8731-03EBA57FB1EB}.Debug|Any CPU.ActiveCfg = Debug|Any CPU
		{36D79467-9A83-48DF-8731-03EBA57FB1EB}.Debug|Any CPU.Build.0 = Debug|Any CPU
		{36D79467-9A83-48DF-8731-03EBA57FB1EB}.Release|Any CPU.ActiveCfg = Release|Any CPU
		{36D79467-9A83-48DF-8731-03EBA57FB1EB}.Release|Any CPU.Build.0 = Release|Any CPU
		{893240E4-1DDC-4B40-9B8B-0AC82A49F51D}.Debug|Any CPU.ActiveCfg = Debug|Any CPU
		{893240E4-1DDC-4B40-9B8B-0AC82A49F51D}.Debug|Any CPU.Build.0 = Debug|Any CPU
		{893240E4-1DDC-4B40-9B8B-0AC82A49F51D}.Release|Any CPU.ActiveCfg = Release|Any CPU
		{893240E4-1DDC-4B40-9B8B-0AC82A49F51D}.Release|Any CPU.Build.0 = Release|Any CPU
		{89658231-4F79-40F3-A3AA-2EED75B4ECAC}.Debug|Any CPU.ActiveCfg = Debug|Any CPU
		{89658231-4F79-40F3-A3AA-2EED75B4ECAC}.Debug|Any CPU.Build.0 = Debug|Any CPU
		{89658231-4F79-40F3-A3AA-2EED75B4ECAC}.Release|Any CPU.ActiveCfg = Release|Any CPU
		{89658231-4F79-40F3-A3AA-2EED75B4ECAC}.Release|Any CPU.Build.0 = Release|Any CPU
		{3EA649BE-8690-481B-B5AC-FFCE245EA150}.Debug|Any CPU.ActiveCfg = Debug|Any CPU
		{3EA649BE-8690-481B-B5AC-FFCE245EA150}.Debug|Any CPU.Build.0 = Debug|Any CPU
		{3EA649BE-8690-481B-B5AC-FFCE245EA150}.Release|Any CPU.ActiveCfg = Release|Any CPU
		{3EA649BE-8690-481B-B5AC-FFCE245EA150}.Release|Any CPU.Build.0 = Release|Any CPU
		{B4E0361F-48DD-49F4-B31A-89A749E491F7}.Debug|Any CPU.ActiveCfg = Debug|Any CPU
		{B4E0361F-48DD-49F4-B31A-89A749E491F7}.Debug|Any CPU.Build.0 = Debug|Any CPU
		{B4E0361F-48DD-49F4-B31A-89A749E491F7}.Release|Any CPU.ActiveCfg = Release|Any CPU
		{B4E0361F-48DD-49F4-B31A-89A749E491F7}.Release|Any CPU.Build.0 = Release|Any CPU
		{60B5D7DC-EB06-49A2-A052-4EECD4BAFC18}.Debug|Any CPU.ActiveCfg = Debug|Any CPU
		{60B5D7DC-EB06-49A2-A052-4EECD4BAFC18}.Debug|Any CPU.Build.0 = Debug|Any CPU
		{60B5D7DC-EB06-49A2-A052-4EECD4BAFC18}.Release|Any CPU.ActiveCfg = Release|Any CPU
		{60B5D7DC-EB06-49A2-A052-4EECD4BAFC18}.Release|Any CPU.Build.0 = Release|Any CPU
		{98B40443-33A2-4CD8-8CB6-EAB246EDF579}.Debug|Any CPU.ActiveCfg = Debug|Any CPU
		{98B40443-33A2-4CD8-8CB6-EAB246EDF579}.Debug|Any CPU.Build.0 = Debug|Any CPU
		{98B40443-33A2-4CD8-8CB6-EAB246EDF579}.Release|Any CPU.ActiveCfg = Release|Any CPU
		{98B40443-33A2-4CD8-8CB6-EAB246EDF579}.Release|Any CPU.Build.0 = Release|Any CPU
		{3D4DAEF3-2F11-4B5A-9FD5-3E1B80EF34E8}.Debug|Any CPU.ActiveCfg = Debug|Any CPU
		{3D4DAEF3-2F11-4B5A-9FD5-3E1B80EF34E8}.Debug|Any CPU.Build.0 = Debug|Any CPU
		{3D4DAEF3-2F11-4B5A-9FD5-3E1B80EF34E8}.Release|Any CPU.ActiveCfg = Release|Any CPU
		{3D4DAEF3-2F11-4B5A-9FD5-3E1B80EF34E8}.Release|Any CPU.Build.0 = Release|Any CPU
		{62973848-5D60-4699-BFCF-2805180D06FA}.Debug|Any CPU.ActiveCfg = Debug|Any CPU
		{62973848-5D60-4699-BFCF-2805180D06FA}.Debug|Any CPU.Build.0 = Debug|Any CPU
		{62973848-5D60-4699-BFCF-2805180D06FA}.Release|Any CPU.ActiveCfg = Release|Any CPU
		{62973848-5D60-4699-BFCF-2805180D06FA}.Release|Any CPU.Build.0 = Release|Any CPU
	EndGlobalSection
	GlobalSection(SolutionProperties) = preSolution
		HideSolutionNode = FALSE
	EndGlobalSection
	GlobalSection(ExtensibilityGlobals) = postSolution
		SolutionGuid = {6721111B-5F89-46D6-B80C-76AD7842E90B}
	EndGlobalSection
EndGlobal
